// !$*UTF8*$!
{
	archiveVersion = 1;
	classes = {
	};
	objectVersion = 46;
	objects = {

/* Begin PBXBuildFile section */
		EF173FA31970F19A007DAACD /* Foundation.framework in Frameworks */ = {isa = PBXBuildFile; fileRef = EF173FA21970F19A007DAACD /* Foundation.framework */; };
		EF173FA51970F19A007DAACD /* CoreGraphics.framework in Frameworks */ = {isa = PBXBuildFile; fileRef = EF173FA41970F19A007DAACD /* CoreGraphics.framework */; };
		EF173FA71970F19A007DAACD /* UIKit.framework in Frameworks */ = {isa = PBXBuildFile; fileRef = EF173FA61970F19A007DAACD /* UIKit.framework */; };
		EF173FAD1970F19A007DAACD /* InfoPlist.strings in Resources */ = {isa = PBXBuildFile; fileRef = EF173FAB1970F19A007DAACD /* InfoPlist.strings */; };
		EF173FAF1970F19A007DAACD /* main.m in Sources */ = {isa = PBXBuildFile; fileRef = EF173FAE1970F19A007DAACD /* main.m */; };
		EF173FB31970F19A007DAACD /* MOAppDelegate.m in Sources */ = {isa = PBXBuildFile; fileRef = EF173FB21970F19A007DAACD /* MOAppDelegate.m */; };
		EF173FB61970F19A007DAACD /* Main.storyboard in Resources */ = {isa = PBXBuildFile; fileRef = EF173FB41970F19A007DAACD /* Main.storyboard */; };
		EF173FB91970F19A007DAACD /* MOMasterViewController.m in Sources */ = {isa = PBXBuildFile; fileRef = EF173FB81970F19A007DAACD /* MOMasterViewController.m */; };
		EF173FBC1970F19A007DAACD /* MODetailViewController.m in Sources */ = {isa = PBXBuildFile; fileRef = EF173FBB1970F19A007DAACD /* MODetailViewController.m */; };
		EF173FBE1970F19A007DAACD /* Images.xcassets in Resources */ = {isa = PBXBuildFile; fileRef = EF173FBD1970F19A007DAACD /* Images.xcassets */; };
		EF173FC51970F19A007DAACD /* XCTest.framework in Frameworks */ = {isa = PBXBuildFile; fileRef = EF173FC41970F19A007DAACD /* XCTest.framework */; };
		EF173FC61970F19A007DAACD /* Foundation.framework in Frameworks */ = {isa = PBXBuildFile; fileRef = EF173FA21970F19A007DAACD /* Foundation.framework */; };
		EF173FC71970F19A007DAACD /* UIKit.framework in Frameworks */ = {isa = PBXBuildFile; fileRef = EF173FA61970F19A007DAACD /* UIKit.framework */; };
		EF173FCF1970F19A007DAACD /* InfoPlist.strings in Resources */ = {isa = PBXBuildFile; fileRef = EF173FCD1970F19A007DAACD /* InfoPlist.strings */; };
		EF173FD11970F19A007DAACD /* Meet_Options_tempTests.m in Sources */ = {isa = PBXBuildFile; fileRef = EF173FD01970F19A007DAACD /* Meet_Options_tempTests.m */; };
/* End PBXBuildFile section */

/* Begin PBXContainerItemProxy section */
		EF173FC81970F19A007DAACD /* PBXContainerItemProxy */ = {
			isa = PBXContainerItemProxy;
			containerPortal = EF173F971970F19A007DAACD /* Project object */;
			proxyType = 1;
			remoteGlobalIDString = EF173F9E1970F19A007DAACD;
			remoteInfo = "Meet Options temp";
		};
/* End PBXContainerItemProxy section */

/* Begin PBXFileReference section */
		EF173F9F1970F19A007DAACD /* Meet Options temp.app */ = {isa = PBXFileReference; explicitFileType = wrapper.application; includeInIndex = 0; path = "Meet Options temp.app"; sourceTree = BUILT_PRODUCTS_DIR; };
		EF173FA21970F19A007DAACD /* Foundation.framework */ = {isa = PBXFileReference; lastKnownFileType = wrapper.framework; name = Foundation.framework; path = System/Library/Frameworks/Foundation.framework; sourceTree = SDKROOT; };
		EF173FA41970F19A007DAACD /* CoreGraphics.framework */ = {isa = PBXFileReference; lastKnownFileType = wrapper.framework; name = CoreGraphics.framework; path = System/Library/Frameworks/CoreGraphics.framework; sourceTree = SDKROOT; };
		EF173FA61970F19A007DAACD /* UIKit.framework */ = {isa = PBXFileReference; lastKnownFileType = wrapper.framework; name = UIKit.framework; path = System/Library/Frameworks/UIKit.framework; sourceTree = SDKROOT; };
		EF173FAA1970F19A007DAACD /* Meet Options temp-Info.plist */ = {isa = PBXFileReference; lastKnownFileType = text.plist.xml; path = "Meet Options temp-Info.plist"; sourceTree = "<group>"; };
		EF173FAC1970F19A007DAACD /* en */ = {isa = PBXFileReference; lastKnownFileType = text.plist.strings; name = en; path = en.lproj/InfoPlist.strings; sourceTree = "<group>"; };
		EF173FAE1970F19A007DAACD /* main.m */ = {isa = PBXFileReference; lastKnownFileType = sourcecode.c.objc; path = main.m; sourceTree = "<group>"; };
		EF173FB01970F19A007DAACD /* Meet Options temp-Prefix.pch */ = {isa = PBXFileReference; lastKnownFileType = sourcecode.c.h; path = "Meet Options temp-Prefix.pch"; sourceTree = "<group>"; };
		EF173FB11970F19A007DAACD /* MOAppDelegate.h */ = {isa = PBXFileReference; lastKnownFileType = sourcecode.c.h; path = MOAppDelegate.h; sourceTree = "<group>"; };
		EF173FB21970F19A007DAACD /* MOAppDelegate.m */ = {isa = PBXFileReference; lastKnownFileType = sourcecode.c.objc; path = MOAppDelegate.m; sourceTree = "<group>"; };
		EF173FB51970F19A007DAACD /* Base */ = {isa = PBXFileReference; lastKnownFileType = file.storyboard; name = Base; path = Base.lproj/Main.storyboard; sourceTree = "<group>"; };
		EF173FB71970F19A007DAACD /* MOMasterViewController.h */ = {isa = PBXFileReference; lastKnownFileType = sourcecode.c.h; path = MOMasterViewController.h; sourceTree = "<group>"; };
		EF173FB81970F19A007DAACD /* MOMasterViewController.m */ = {isa = PBXFileReference; lastKnownFileType = sourcecode.c.objc; path = MOMasterViewController.m; sourceTree = "<group>"; };
		EF173FBA1970F19A007DAACD /* MODetailViewController.h */ = {isa = PBXFileReference; lastKnownFileType = sourcecode.c.h; path = MODetailViewController.h; sourceTree = "<group>"; };
		EF173FBB1970F19A007DAACD /* MODetailViewController.m */ = {isa = PBXFileReference; lastKnownFileType = sourcecode.c.objc; path = MODetailViewController.m; sourceTree = "<group>"; };
		EF173FBD1970F19A007DAACD /* Images.xcassets */ = {isa = PBXFileReference; lastKnownFileType = folder.assetcatalog; path = Images.xcassets; sourceTree = "<group>"; };
		EF173FC31970F19A007DAACD /* Meet Options tempTests.xctest */ = {isa = PBXFileReference; explicitFileType = wrapper.cfbundle; includeInIndex = 0; path = "Meet Options tempTests.xctest"; sourceTree = BUILT_PRODUCTS_DIR; };
		EF173FC41970F19A007DAACD /* XCTest.framework */ = {isa = PBXFileReference; lastKnownFileType = wrapper.framework; name = XCTest.framework; path = Library/Frameworks/XCTest.framework; sourceTree = DEVELOPER_DIR; };
		EF173FCC1970F19A007DAACD /* Meet Options tempTests-Info.plist */ = {isa = PBXFileReference; lastKnownFileType = text.plist.xml; path = "Meet Options tempTests-Info.plist"; sourceTree = "<group>"; };
		EF173FCE1970F19A007DAACD /* en */ = {isa = PBXFileReference; lastKnownFileType = text.plist.strings; name = en; path = en.lproj/InfoPlist.strings; sourceTree = "<group>"; };
		EF173FD01970F19A007DAACD /* Meet_Options_tempTests.m */ = {isa = PBXFileReference; lastKnownFileType = sourcecode.c.objc; path = Meet_Options_tempTests.m; sourceTree = "<group>"; };
/* End PBXFileReference section */

/* Begin PBXFrameworksBuildPhase section */
		EF173F9C1970F19A007DAACD /* Frameworks */ = {
			isa = PBXFrameworksBuildPhase;
			buildActionMask = 2147483647;
			files = (
				EF173FA51970F19A007DAACD /* CoreGraphics.framework in Frameworks */,
				EF173FA71970F19A007DAACD /* UIKit.framework in Frameworks */,
				EF173FA31970F19A007DAACD /* Foundation.framework in Frameworks */,
			);
			runOnlyForDeploymentPostprocessing = 0;
		};
		EF173FC01970F19A007DAACD /* Frameworks */ = {
			isa = PBXFrameworksBuildPhase;
			buildActionMask = 2147483647;
			files = (
				EF173FC51970F19A007DAACD /* XCTest.framework in Frameworks */,
				EF173FC71970F19A007DAACD /* UIKit.framework in Frameworks */,
				EF173FC61970F19A007DAACD /* Foundation.framework in Frameworks */,
			);
			runOnlyForDeploymentPostprocessing = 0;
		};
/* End PBXFrameworksBuildPhase section */

/* Begin PBXGroup section */
		EF173F961970F19A007DAACD = {
			isa = PBXGroup;
			children = (
				EF173FA81970F19A007DAACD /* Meet Options temp */,
				EF173FCA1970F19A007DAACD /* Meet Options tempTests */,
				EF173FA11970F19A007DAACD /* Frameworks */,
				EF173FA01970F19A007DAACD /* Products */,
			);
			sourceTree = "<group>";
		};
		EF173FA01970F19A007DAACD /* Products */ = {
			isa = PBXGroup;
			children = (
				EF173F9F1970F19A007DAACD /* Meet Options temp.app */,
				EF173FC31970F19A007DAACD /* Meet Options tempTests.xctest */,
			);
			name = Products;
			sourceTree = "<group>";
		};
		EF173FA11970F19A007DAACD /* Frameworks */ = {
			isa = PBXGroup;
			children = (
				EF173FA21970F19A007DAACD /* Foundation.framework */,
				EF173FA41970F19A007DAACD /* CoreGraphics.framework */,
				EF173FA61970F19A007DAACD /* UIKit.framework */,
				EF173FC41970F19A007DAACD /* XCTest.framework */,
			);
			name = Frameworks;
			sourceTree = "<group>";
		};
		EF173FA81970F19A007DAACD /* Meet Options temp */ = {
			isa = PBXGroup;
			children = (
				EF173FB11970F19A007DAACD /* MOAppDelegate.h */,
				EF173FB21970F19A007DAACD /* MOAppDelegate.m */,
				EF173FB41970F19A007DAACD /* Main.storyboard */,
				EF173FB71970F19A007DAACD /* MOMasterViewController.h */,
				EF173FB81970F19A007DAACD /* MOMasterViewController.m */,
				EF173FBA1970F19A007DAACD /* MODetailViewController.h */,
				EF173FBB1970F19A007DAACD /* MODetailViewController.m */,
				EF173FBD1970F19A007DAACD /* Images.xcassets */,
				EF173FA91970F19A007DAACD /* Supporting Files */,
			);
			path = "Meet Options temp";
			sourceTree = "<group>";
		};
		EF173FA91970F19A007DAACD /* Supporting Files */ = {
			isa = PBXGroup;
			children = (
				EF173FAA1970F19A007DAACD /* Meet Options temp-Info.plist */,
				EF173FAB1970F19A007DAACD /* InfoPlist.strings */,
				EF173FAE1970F19A007DAACD /* main.m */,
				EF173FB01970F19A007DAACD /* Meet Options temp-Prefix.pch */,
			);
			name = "Supporting Files";
			sourceTree = "<group>";
		};
		EF173FCA1970F19A007DAACD /* Meet Options tempTests */ = {
			isa = PBXGroup;
			children = (
				EF173FD01970F19A007DAACD /* Meet_Options_tempTests.m */,
				EF173FCB1970F19A007DAACD /* Supporting Files */,
			);
			path = "Meet Options tempTests";
			sourceTree = "<group>";
		};
		EF173FCB1970F19A007DAACD /* Supporting Files */ = {
			isa = PBXGroup;
			children = (
				EF173FCC1970F19A007DAACD /* Meet Options tempTests-Info.plist */,
				EF173FCD1970F19A007DAACD /* InfoPlist.strings */,
			);
			name = "Supporting Files";
			sourceTree = "<group>";
		};
/* End PBXGroup section */

/* Begin PBXNativeTarget section */
		EF173F9E1970F19A007DAACD /* Meet Options temp */ = {
			isa = PBXNativeTarget;
			buildConfigurationList = EF173FD41970F19A007DAACD /* Build configuration list for PBXNativeTarget "Meet Options temp" */;
			buildPhases = (
				EF173F9B1970F19A007DAACD /* Sources */,
				EF173F9C1970F19A007DAACD /* Frameworks */,
				EF173F9D1970F19A007DAACD /* Resources */,
			);
			buildRules = (
			);
			dependencies = (
			);
			name = "Meet Options temp";
			productName = "Meet Options temp";
			productReference = EF173F9F1970F19A007DAACD /* Meet Options temp.app */;
			productType = "com.apple.product-type.application";
		};
		EF173FC21970F19A007DAACD /* Meet Options tempTests */ = {
			isa = PBXNativeTarget;
			buildConfigurationList = EF173FD71970F19A007DAACD /* Build configuration list for PBXNativeTarget "Meet Options tempTests" */;
			buildPhases = (
				EF173FBF1970F19A007DAACD /* Sources */,
				EF173FC01970F19A007DAACD /* Frameworks */,
				EF173FC11970F19A007DAACD /* Resources */,
			);
			buildRules = (
			);
			dependencies = (
				EF173FC91970F19A007DAACD /* PBXTargetDependency */,
			);
			name = "Meet Options tempTests";
			productName = "Meet Options tempTests";
			productReference = EF173FC31970F19A007DAACD /* Meet Options tempTests.xctest */;
			productType = "com.apple.product-type.bundle.unit-test";
		};
/* End PBXNativeTarget section */

/* Begin PBXProject section */
		EF173F971970F19A007DAACD /* Project object */ = {
			isa = PBXProject;
			attributes = {
				CLASSPREFIX = MO;
				LastUpgradeCheck = 0510;
				ORGANIZATIONNAME = "Optionvesting, LLC";
				TargetAttributes = {
					EF173FC21970F19A007DAACD = {
						TestTargetID = EF173F9E1970F19A007DAACD;
					};
				};
			};
			buildConfigurationList = EF173F9A1970F19A007DAACD /* Build configuration list for PBXProject "Meet Options temp" */;
			compatibilityVersion = "Xcode 3.2";
			developmentRegion = English;
			hasScannedForEncodings = 0;
			knownRegions = (
				en,
				Base,
			);
			mainGroup = EF173F961970F19A007DAACD;
			productRefGroup = EF173FA01970F19A007DAACD /* Products */;
			projectDirPath = "";
			projectRoot = "";
			targets = (
				EF173F9E1970F19A007DAACD /* Meet Options temp */,
				EF173FC21970F19A007DAACD /* Meet Options tempTests */,
			);
		};
/* End PBXProject section */

/* Begin PBXResourcesBuildPhase section */
		EF173F9D1970F19A007DAACD /* Resources */ = {
			isa = PBXResourcesBuildPhase;
			buildActionMask = 2147483647;
			files = (
				EF173FBE1970F19A007DAACD /* Images.xcassets in Resources */,
				EF173FAD1970F19A007DAACD /* InfoPlist.strings in Resources */,
				EF173FB61970F19A007DAACD /* Main.storyboard in Resources */,
			);
			runOnlyForDeploymentPostprocessing = 0;
		};
		EF173FC11970F19A007DAACD /* Resources */ = {
			isa = PBXResourcesBuildPhase;
			buildActionMask = 2147483647;
			files = (
				EF173FCF1970F19A007DAACD /* InfoPlist.strings in Resources */,
			);
			runOnlyForDeploymentPostprocessing = 0;
		};
/* End PBXResourcesBuildPhase section */

/* Begin PBXSourcesBuildPhase section */
		EF173F9B1970F19A007DAACD /* Sources */ = {
			isa = PBXSourcesBuildPhase;
			buildActionMask = 2147483647;
			files = (
				EF173FB31970F19A007DAACD /* MOAppDelegate.m in Sources */,
				EF173FBC1970F19A007DAACD /* MODetailViewController.m in Sources */,
				EF173FAF1970F19A007DAACD /* main.m in Sources */,
				EF173FB91970F19A007DAACD /* MOMasterViewController.m in Sources */,
			);
			runOnlyForDeploymentPostprocessing = 0;
		};
		EF173FBF1970F19A007DAACD /* Sources */ = {
			isa = PBXSourcesBuildPhase;
			buildActionMask = 2147483647;
			files = (
				EF173FD11970F19A007DAACD /* Meet_Options_tempTests.m in Sources */,
			);
			runOnlyForDeploymentPostprocessing = 0;
		};
/* End PBXSourcesBuildPhase section */

/* Begin PBXTargetDependency section */
		EF173FC91970F19A007DAACD /* PBXTargetDependency */ = {
			isa = PBXTargetDependency;
			target = EF173F9E1970F19A007DAACD /* Meet Options temp */;
			targetProxy = EF173FC81970F19A007DAACD /* PBXContainerItemProxy */;
		};
/* End PBXTargetDependency section */

/* Begin PBXVariantGroup section */
		EF173FAB1970F19A007DAACD /* InfoPlist.strings */ = {
			isa = PBXVariantGroup;
			children = (
				EF173FAC1970F19A007DAACD /* en */,
			);
			name = InfoPlist.strings;
			sourceTree = "<group>";
		};
		EF173FB41970F19A007DAACD /* Main.storyboard */ = {
			isa = PBXVariantGroup;
			children = (
				EF173FB51970F19A007DAACD /* Base */,
			);
			name = Main.storyboard;
			sourceTree = "<group>";
		};
		EF173FCD1970F19A007DAACD /* InfoPlist.strings */ = {
			isa = PBXVariantGroup;
			children = (
				EF173FCE1970F19A007DAACD /* en */,
			);
			name = InfoPlist.strings;
			sourceTree = "<group>";
		};
/* End PBXVariantGroup section */

/* Begin XCBuildConfiguration section */
		EF173FD21970F19A007DAACD /* Debug */ = {
			isa = XCBuildConfiguration;
			buildSettings = {
				ALWAYS_SEARCH_USER_PATHS = NO;
				CLANG_CXX_LANGUAGE_STANDARD = "gnu++0x";
				CLANG_CXX_LIBRARY = "libc++";
				CLANG_ENABLE_MODULES = YES;
				CLANG_ENABLE_OBJC_ARC = YES;
				CLANG_WARN_BOOL_CONVERSION = YES;
				CLANG_WARN_CONSTANT_CONVERSION = YES;
				CLANG_WARN_DIRECT_OBJC_ISA_USAGE = YES_ERROR;
				CLANG_WARN_EMPTY_BODY = YES;
				CLANG_WARN_ENUM_CONVERSION = YES;
				CLANG_WARN_INT_CONVERSION = YES;
				CLANG_WARN_OBJC_ROOT_CLASS = YES_ERROR;
				CLANG_WARN__DUPLICATE_METHOD_MATCH = YES;
				"CODE_SIGN_IDENTITY[sdk=iphoneos*]" = "iPhone Developer";
				COPY_PHASE_STRIP = NO;
				GCC_C_LANGUAGE_STANDARD = gnu99;
				GCC_DYNAMIC_NO_PIC = NO;
				GCC_OPTIMIZATION_LEVEL = 0;
				GCC_PREPROCESSOR_DEFINITIONS = (
					"DEBUG=1",
					"$(inherited)",
				);
				GCC_SYMBOLS_PRIVATE_EXTERN = NO;
				GCC_WARN_64_TO_32_BIT_CONVERSION = YES;
				GCC_WARN_ABOUT_RETURN_TYPE = YES_ERROR;
				GCC_WARN_UNDECLARED_SELECTOR = YES;
				GCC_WARN_UNINITIALIZED_AUTOS = YES_AGGRESSIVE;
				GCC_WARN_UNUSED_FUNCTION = YES;
				GCC_WARN_UNUSED_VARIABLE = YES;
				IPHONEOS_DEPLOYMENT_TARGET = 7.1;
				ONLY_ACTIVE_ARCH = YES;
				SDKROOT = iphoneos;
			};
			name = Debug;
		};
		EF173FD31970F19A007DAACD /* Release */ = {
			isa = XCBuildConfiguration;
			buildSettings = {
				ALWAYS_SEARCH_USER_PATHS = NO;
				CLANG_CXX_LANGUAGE_STANDARD = "gnu++0x";
				CLANG_CXX_LIBRARY = "libc++";
				CLANG_ENABLE_MODULES = YES;
				CLANG_ENABLE_OBJC_ARC = YES;
				CLANG_WARN_BOOL_CONVERSION = YES;
				CLANG_WARN_CONSTANT_CONVERSION = YES;
				CLANG_WARN_DIRECT_OBJC_ISA_USAGE = YES_ERROR;
				CLANG_WARN_EMPTY_BODY = YES;
				CLANG_WARN_ENUM_CONVERSION = YES;
				CLANG_WARN_INT_CONVERSION = YES;
				CLANG_WARN_OBJC_ROOT_CLASS = YES_ERROR;
				CLANG_WARN__DUPLICATE_METHOD_MATCH = YES;
				"CODE_SIGN_IDENTITY[sdk=iphoneos*]" = "iPhone Developer";
				COPY_PHASE_STRIP = YES;
				ENABLE_NS_ASSERTIONS = NO;
				GCC_C_LANGUAGE_STANDARD = gnu99;
				GCC_WARN_64_TO_32_BIT_CONVERSION = YES;
				GCC_WARN_ABOUT_RETURN_TYPE = YES_ERROR;
				GCC_WARN_UNDECLARED_SELECTOR = YES;
				GCC_WARN_UNINITIALIZED_AUTOS = YES_AGGRESSIVE;
				GCC_WARN_UNUSED_FUNCTION = YES;
				GCC_WARN_UNUSED_VARIABLE = YES;
				IPHONEOS_DEPLOYMENT_TARGET = 7.1;
				SDKROOT = iphoneos;
				VALIDATE_PRODUCT = YES;
			};
			name = Release;
		};
		EF173FD51970F19A007DAACD /* Debug */ = {
			isa = XCBuildConfiguration;
			buildSettings = {
				ASSETCATALOG_COMPILER_APPICON_NAME = AppIcon;
				ASSETCATALOG_COMPILER_LAUNCHIMAGE_NAME = LaunchImage;
				GCC_PRECOMPILE_PREFIX_HEADER = YES;
				GCC_PREFIX_HEADER = "Meet Options temp/Meet Options temp-Prefix.pch";
				INFOPLIST_FILE = "Meet Options temp/Meet Options temp-Info.plist";
				PRODUCT_NAME = "$(TARGET_NAME)";
				WRAPPER_EXTENSION = app;
			};
			name = Debug;
		};
		EF173FD61970F19A007DAACD /* Release */ = {
			isa = XCBuildConfiguration;
			buildSettings = {
				ASSETCATALOG_COMPILER_APPICON_NAME = AppIcon;
				ASSETCATALOG_COMPILER_LAUNCHIMAGE_NAME = LaunchImage;
				GCC_PRECOMPILE_PREFIX_HEADER = YES;
				GCC_PREFIX_HEADER = "Meet Options temp/Meet Options temp-Prefix.pch";
				INFOPLIST_FILE = "Meet Options temp/Meet Options temp-Info.plist";
				PRODUCT_NAME = "$(TARGET_NAME)";
				WRAPPER_EXTENSION = app;
			};
			name = Release;
		};
		EF173FD81970F19A007DAACD /* Debug */ = {
			isa = XCBuildConfiguration;
			buildSettings = {
				BUNDLE_LOADER = "$(BUILT_PRODUCTS_DIR)/Meet Options temp.app/Meet Options temp";
				FRAMEWORK_SEARCH_PATHS = (
					"$(SDKROOT)/Developer/Library/Frameworks",
					"$(inherited)",
					"$(DEVELOPER_FRAMEWORKS_DIR)",
				);
				GCC_PRECOMPILE_PREFIX_HEADER = YES;
				GCC_PREFIX_HEADER = "Meet Options temp/Meet Options temp-Prefix.pch";
				GCC_PREPROCESSOR_DEFINITIONS = (
					"DEBUG=1",
					"$(inherited)",
				);
				INFOPLIST_FILE = "Meet Options tempTests/Meet Options tempTests-Info.plist";
				PRODUCT_NAME = "$(TARGET_NAME)";
				TEST_HOST = "$(BUNDLE_LOADER)";
				WRAPPER_EXTENSION = xctest;
			};
			name = Debug;
		};
		EF173FD91970F19A007DAACD /* Release */ = {
			isa = XCBuildConfiguration;
			buildSettings = {
				BUNDLE_LOADER = "$(BUILT_PRODUCTS_DIR)/Meet Options temp.app/Meet Options temp";
				FRAMEWORK_SEARCH_PATHS = (
					"$(SDKROOT)/Developer/Library/Frameworks",
					"$(inherited)",
					"$(DEVELOPER_FRAMEWORKS_DIR)",
				);
				GCC_PRECOMPILE_PREFIX_HEADER = YES;
				GCC_PREFIX_HEADER = "Meet Options temp/Meet Options temp-Prefix.pch";
				INFOPLIST_FILE = "Meet Options tempTests/Meet Options tempTests-Info.plist";
				PRODUCT_NAME = "$(TARGET_NAME)";
				TEST_HOST = "$(BUNDLE_LOADER)";
				WRAPPER_EXTENSION = xctest;
			};
			name = Release;
		};
/* End XCBuildConfiguration section */

/* Begin XCConfigurationList section */
		EF173F9A1970F19A007DAACD /* Build configuration list for PBXProject "Meet Options temp" */ = {
			isa = XCConfigurationList;
			buildConfigurations = (
				EF173FD21970F19A007DAACD /* Debug */,
				EF173FD31970F19A007DAACD /* Release */,
			);
			defaultConfigurationIsVisible = 0;
			defaultConfigurationName = Release;
		};
		EF173FD41970F19A007DAACD /* Build configuration list for PBXNativeTarget "Meet Options temp" */ = {
			isa = XCConfigurationList;
			buildConfigurations = (
				EF173FD51970F19A007DAACD /* Debug */,
				EF173FD61970F19A007DAACD /* Release */,
			);
			defaultConfigurationIsVisible = 0;
		};
		EF173FD71970F19A007DAACD /* Build configuration list for PBXNativeTarget "Meet Options tempTests" */ = {
			isa = XCConfigurationList;
			buildConfigurations = (
				EF173FD81970F19A007DAACD /* Debug */,
				EF173FD91970F19A007DAACD /* Release */,
			);
			defaultConfigurationIsVisible = 0;
		};
/* End XCConfigurationList section */
	};
	rootObject = EF173F971970F19A007DAACD /* Project object */;
}
