// !$*UTF8*$!
{
	archiveVersion = 1;
	classes = {
	};
	objectVersion = 46;
	objects = {

/* Begin PBXBuildFile section */
		EF20EA7A196DB4AD00919DC7 /* Foundation.framework in Frameworks */ = {isa = PBXBuildFile; fileRef = EF20EA79196DB4AD00919DC7 /* Foundation.framework */; };
		EF20EA7C196DB4AD00919DC7 /* CoreGraphics.framework in Frameworks */ = {isa = PBXBuildFile; fileRef = EF20EA7B196DB4AD00919DC7 /* CoreGraphics.framework */; };
		EF20EA7E196DB4AD00919DC7 /* UIKit.framework in Frameworks */ = {isa = PBXBuildFile; fileRef = EF20EA7D196DB4AD00919DC7 /* UIKit.framework */; };
		EF20EA84196DB4AD00919DC7 /* InfoPlist.strings in Resources */ = {isa = PBXBuildFile; fileRef = EF20EA82196DB4AD00919DC7 /* InfoPlist.strings */; };
		EF20EA86196DB4AD00919DC7 /* main.m in Sources */ = {isa = PBXBuildFile; fileRef = EF20EA85196DB4AD00919DC7 /* main.m */; };
		EF20EA8A196DB4AD00919DC7 /* AppDelegate.m in Sources */ = {isa = PBXBuildFile; fileRef = EF20EA89196DB4AD00919DC7 /* AppDelegate.m */; };
		EF20EA8C196DB4AD00919DC7 /* Images.xcassets in Resources */ = {isa = PBXBuildFile; fileRef = EF20EA8B196DB4AD00919DC7 /* Images.xcassets */; };
		EF20EA93196DB4AD00919DC7 /* XCTest.framework in Frameworks */ = {isa = PBXBuildFile; fileRef = EF20EA92196DB4AD00919DC7 /* XCTest.framework */; };
		EF20EA94196DB4AD00919DC7 /* Foundation.framework in Frameworks */ = {isa = PBXBuildFile; fileRef = EF20EA79196DB4AD00919DC7 /* Foundation.framework */; };
		EF20EA95196DB4AD00919DC7 /* UIKit.framework in Frameworks */ = {isa = PBXBuildFile; fileRef = EF20EA7D196DB4AD00919DC7 /* UIKit.framework */; };
		EF20EA9D196DB4AD00919DC7 /* InfoPlist.strings in Resources */ = {isa = PBXBuildFile; fileRef = EF20EA9B196DB4AD00919DC7 /* InfoPlist.strings */; };
		EF20EA9F196DB4AD00919DC7 /* HelloWorldTests.m in Sources */ = {isa = PBXBuildFile; fileRef = EF20EA9E196DB4AD00919DC7 /* HelloWorldTests.m */; };
		EF20EAAE196DB5A100919DC7 /* HelloWorldViewController.m in Sources */ = {isa = PBXBuildFile; fileRef = EF20EAAC196DB5A100919DC7 /* HelloWorldViewController.m */; };
		EF20EAAF196DB5A100919DC7 /* HelloWorldViewController.xib in Resources */ = {isa = PBXBuildFile; fileRef = EF20EAAD196DB5A100919DC7 /* HelloWorldViewController.xib */; };
/* End PBXBuildFile section */

/* Begin PBXContainerItemProxy section */
		EF20EA96196DB4AD00919DC7 /* PBXContainerItemProxy */ = {
			isa = PBXContainerItemProxy;
			containerPortal = EF20EA6E196DB4AD00919DC7 /* Project object */;
			proxyType = 1;
			remoteGlobalIDString = EF20EA75196DB4AD00919DC7;
			remoteInfo = HelloWorld;
		};
/* End PBXContainerItemProxy section */

/* Begin PBXFileReference section */
		EF20EA76196DB4AD00919DC7 /* HelloWorld.app */ = {isa = PBXFileReference; explicitFileType = wrapper.application; includeInIndex = 0; path = HelloWorld.app; sourceTree = BUILT_PRODUCTS_DIR; };
		EF20EA79196DB4AD00919DC7 /* Foundation.framework */ = {isa = PBXFileReference; lastKnownFileType = wrapper.framework; name = Foundation.framework; path = System/Library/Frameworks/Foundation.framework; sourceTree = SDKROOT; };
		EF20EA7B196DB4AD00919DC7 /* CoreGraphics.framework */ = {isa = PBXFileReference; lastKnownFileType = wrapper.framework; name = CoreGraphics.framework; path = System/Library/Frameworks/CoreGraphics.framework; sourceTree = SDKROOT; };
		EF20EA7D196DB4AD00919DC7 /* UIKit.framework */ = {isa = PBXFileReference; lastKnownFileType = wrapper.framework; name = UIKit.framework; path = System/Library/Frameworks/UIKit.framework; sourceTree = SDKROOT; };
		EF20EA81196DB4AD00919DC7 /* HelloWorld-Info.plist */ = {isa = PBXFileReference; lastKnownFileType = text.plist.xml; path = "HelloWorld-Info.plist"; sourceTree = "<group>"; };
		EF20EA83196DB4AD00919DC7 /* en */ = {isa = PBXFileReference; lastKnownFileType = text.plist.strings; name = en; path = en.lproj/InfoPlist.strings; sourceTree = "<group>"; };
		EF20EA85196DB4AD00919DC7 /* main.m */ = {isa = PBXFileReference; lastKnownFileType = sourcecode.c.objc; path = main.m; sourceTree = "<group>"; };
		EF20EA87196DB4AD00919DC7 /* HelloWorld-Prefix.pch */ = {isa = PBXFileReference; lastKnownFileType = sourcecode.c.h; path = "HelloWorld-Prefix.pch"; sourceTree = "<group>"; };
		EF20EA88196DB4AD00919DC7 /* AppDelegate.h */ = {isa = PBXFileReference; lastKnownFileType = sourcecode.c.h; path = AppDelegate.h; sourceTree = "<group>"; };
		EF20EA89196DB4AD00919DC7 /* AppDelegate.m */ = {isa = PBXFileReference; lastKnownFileType = sourcecode.c.objc; path = AppDelegate.m; sourceTree = "<group>"; };
		EF20EA8B196DB4AD00919DC7 /* Images.xcassets */ = {isa = PBXFileReference; lastKnownFileType = folder.assetcatalog; path = Images.xcassets; sourceTree = "<group>"; };
		EF20EA91196DB4AD00919DC7 /* HelloWorldTests.xctest */ = {isa = PBXFileReference; explicitFileType = wrapper.cfbundle; includeInIndex = 0; path = HelloWorldTests.xctest; sourceTree = BUILT_PRODUCTS_DIR; };
		EF20EA92196DB4AD00919DC7 /* XCTest.framework */ = {isa = PBXFileReference; lastKnownFileType = wrapper.framework; name = XCTest.framework; path = Library/Frameworks/XCTest.framework; sourceTree = DEVELOPER_DIR; };
		EF20EA9A196DB4AD00919DC7 /* HelloWorldTests-Info.plist */ = {isa = PBXFileReference; lastKnownFileType = text.plist.xml; path = "HelloWorldTests-Info.plist"; sourceTree = "<group>"; };
		EF20EA9C196DB4AD00919DC7 /* en */ = {isa = PBXFileReference; lastKnownFileType = text.plist.strings; name = en; path = en.lproj/InfoPlist.strings; sourceTree = "<group>"; };
		EF20EA9E196DB4AD00919DC7 /* HelloWorldTests.m */ = {isa = PBXFileReference; lastKnownFileType = sourcecode.c.objc; path = HelloWorldTests.m; sourceTree = "<group>"; };
		EF20EAAB196DB5A100919DC7 /* HelloWorldViewController.h */ = {isa = PBXFileReference; fileEncoding = 4; lastKnownFileType = sourcecode.c.h; path = HelloWorldViewController.h; sourceTree = "<group>"; };
		EF20EAAC196DB5A100919DC7 /* HelloWorldViewController.m */ = {isa = PBXFileReference; fileEncoding = 4; lastKnownFileType = sourcecode.c.objc; path = HelloWorldViewController.m; sourceTree = "<group>"; };
		EF20EAAD196DB5A100919DC7 /* HelloWorldViewController.xib */ = {isa = PBXFileReference; fileEncoding = 4; lastKnownFileType = file.xib; path = HelloWorldViewController.xib; sourceTree = "<group>"; };
/* End PBXFileReference section */

/* Begin PBXFrameworksBuildPhase section */
		EF20EA73196DB4AD00919DC7 /* Frameworks */ = {
			isa = PBXFrameworksBuildPhase;
			buildActionMask = 2147483647;
			files = (
				EF20EA7C196DB4AD00919DC7 /* CoreGraphics.framework in Frameworks */,
				EF20EA7E196DB4AD00919DC7 /* UIKit.framework in Frameworks */,
				EF20EA7A196DB4AD00919DC7 /* Foundation.framework in Frameworks */,
			);
			runOnlyForDeploymentPostprocessing = 0;
		};
		EF20EA8E196DB4AD00919DC7 /* Frameworks */ = {
			isa = PBXFrameworksBuildPhase;
			buildActionMask = 2147483647;
			files = (
				EF20EA93196DB4AD00919DC7 /* XCTest.framework in Frameworks */,
				EF20EA95196DB4AD00919DC7 /* UIKit.framework in Frameworks */,
				EF20EA94196DB4AD00919DC7 /* Foundation.framework in Frameworks */,
			);
			runOnlyForDeploymentPostprocessing = 0;
		};
/* End PBXFrameworksBuildPhase section */

/* Begin PBXGroup section */
		EF20EA6D196DB4AD00919DC7 = {
			isa = PBXGroup;
			children = (
				EF20EA7F196DB4AD00919DC7 /* HelloWorld */,
				EF20EA98196DB4AD00919DC7 /* HelloWorldTests */,
				EF20EA78196DB4AD00919DC7 /* Frameworks */,
				EF20EA77196DB4AD00919DC7 /* Products */,
			);
			sourceTree = "<group>";
		};
		EF20EA77196DB4AD00919DC7 /* Products */ = {
			isa = PBXGroup;
			children = (
				EF20EA76196DB4AD00919DC7 /* HelloWorld.app */,
				EF20EA91196DB4AD00919DC7 /* HelloWorldTests.xctest */,
			);
			name = Products;
			sourceTree = "<group>";
		};
		EF20EA78196DB4AD00919DC7 /* Frameworks */ = {
			isa = PBXGroup;
			children = (
				EF20EA79196DB4AD00919DC7 /* Foundation.framework */,
				EF20EA7B196DB4AD00919DC7 /* CoreGraphics.framework */,
				EF20EA7D196DB4AD00919DC7 /* UIKit.framework */,
				EF20EA92196DB4AD00919DC7 /* XCTest.framework */,
			);
			name = Frameworks;
			sourceTree = "<group>";
		};
		EF20EA7F196DB4AD00919DC7 /* HelloWorld */ = {
			isa = PBXGroup;
			children = (
				EF20EA88196DB4AD00919DC7 /* AppDelegate.h */,
				EF20EA89196DB4AD00919DC7 /* AppDelegate.m */,
				EF20EA8B196DB4AD00919DC7 /* Images.xcassets */,
				EF20EA80196DB4AD00919DC7 /* Supporting Files */,
				EF20EAAB196DB5A100919DC7 /* HelloWorldViewController.h */,
				EF20EAAC196DB5A100919DC7 /* HelloWorldViewController.m */,
				EF20EAAD196DB5A100919DC7 /* HelloWorldViewController.xib */,
			);
			path = HelloWorld;
			sourceTree = "<group>";
		};
		EF20EA80196DB4AD00919DC7 /* Supporting Files */ = {
			isa = PBXGroup;
			children = (
				EF20EA81196DB4AD00919DC7 /* HelloWorld-Info.plist */,
				EF20EA82196DB4AD00919DC7 /* InfoPlist.strings */,
				EF20EA85196DB4AD00919DC7 /* main.m */,
				EF20EA87196DB4AD00919DC7 /* HelloWorld-Prefix.pch */,
			);
			name = "Supporting Files";
			sourceTree = "<group>";
		};
		EF20EA98196DB4AD00919DC7 /* HelloWorldTests */ = {
			isa = PBXGroup;
			children = (
				EF20EA9E196DB4AD00919DC7 /* HelloWorldTests.m */,
				EF20EA99196DB4AD00919DC7 /* Supporting Files */,
			);
			path = HelloWorldTests;
			sourceTree = "<group>";
		};
		EF20EA99196DB4AD00919DC7 /* Supporting Files */ = {
			isa = PBXGroup;
			children = (
				EF20EA9A196DB4AD00919DC7 /* HelloWorldTests-Info.plist */,
				EF20EA9B196DB4AD00919DC7 /* InfoPlist.strings */,
			);
			name = "Supporting Files";
			sourceTree = "<group>";
		};
/* End PBXGroup section */

/* Begin PBXNativeTarget section */
		EF20EA75196DB4AD00919DC7 /* HelloWorld */ = {
			isa = PBXNativeTarget;
			buildConfigurationList = EF20EAA2196DB4AD00919DC7 /* Build configuration list for PBXNativeTarget "HelloWorld" */;
			buildPhases = (
				EF20EA72196DB4AD00919DC7 /* Sources */,
				EF20EA73196DB4AD00919DC7 /* Frameworks */,
				EF20EA74196DB4AD00919DC7 /* Resources */,
			);
			buildRules = (
			);
			dependencies = (
			);
			name = HelloWorld;
			productName = HelloWorld;
			productReference = EF20EA76196DB4AD00919DC7 /* HelloWorld.app */;
			productType = "com.apple.product-type.application";
		};
		EF20EA90196DB4AD00919DC7 /* HelloWorldTests */ = {
			isa = PBXNativeTarget;
			buildConfigurationList = EF20EAA5196DB4AD00919DC7 /* Build configuration list for PBXNativeTarget "HelloWorldTests" */;
			buildPhases = (
				EF20EA8D196DB4AD00919DC7 /* Sources */,
				EF20EA8E196DB4AD00919DC7 /* Frameworks */,
				EF20EA8F196DB4AD00919DC7 /* Resources */,
			);
			buildRules = (
			);
			dependencies = (
				EF20EA97196DB4AD00919DC7 /* PBXTargetDependency */,
			);
			name = HelloWorldTests;
			productName = HelloWorldTests;
			productReference = EF20EA91196DB4AD00919DC7 /* HelloWorldTests.xctest */;
			productType = "com.apple.product-type.bundle.unit-test";
		};
/* End PBXNativeTarget section */

/* Begin PBXProject section */
		EF20EA6E196DB4AD00919DC7 /* Project object */ = {
			isa = PBXProject;
			attributes = {
				CLASSPREFIX = HelloWorld;
				LastUpgradeCheck = 0510;
				ORGANIZATIONNAME = "___FULLUSERNAME___";
				TargetAttributes = {
					EF20EA90196DB4AD00919DC7 = {
						TestTargetID = EF20EA75196DB4AD00919DC7;
					};
				};
			};
			buildConfigurationList = EF20EA71196DB4AD00919DC7 /* Build configuration list for PBXProject "HelloWorld" */;
			compatibilityVersion = "Xcode 3.2";
			developmentRegion = English;
			hasScannedForEncodings = 0;
			knownRegions = (
				en,
			);
			mainGroup = EF20EA6D196DB4AD00919DC7;
			productRefGroup = EF20EA77196DB4AD00919DC7 /* Products */;
			projectDirPath = "";
			projectRoot = "";
			targets = (
				EF20EA75196DB4AD00919DC7 /* HelloWorld */,
				EF20EA90196DB4AD00919DC7 /* HelloWorldTests */,
			);
		};
/* End PBXProject section */

/* Begin PBXResourcesBuildPhase section */
		EF20EA74196DB4AD00919DC7 /* Resources */ = {
			isa = PBXResourcesBuildPhase;
			buildActionMask = 2147483647;
			files = (
				EF20EA84196DB4AD00919DC7 /* InfoPlist.strings in Resources */,
				EF20EA8C196DB4AD00919DC7 /* Images.xcassets in Resources */,
				EF20EAAF196DB5A100919DC7 /* HelloWorldViewController.xib in Resources */,
			);
			runOnlyForDeploymentPostprocessing = 0;
		};
		EF20EA8F196DB4AD00919DC7 /* Resources */ = {
			isa = PBXResourcesBuildPhase;
			buildActionMask = 2147483647;
			files = (
				EF20EA9D196DB4AD00919DC7 /* InfoPlist.strings in Resources */,
			);
			runOnlyForDeploymentPostprocessing = 0;
		};
/* End PBXResourcesBuildPhase section */

/* Begin PBXSourcesBuildPhase section */
		EF20EA72196DB4AD00919DC7 /* Sources */ = {
			isa = PBXSourcesBuildPhase;
			buildActionMask = 2147483647;
			files = (
				EF20EA8A196DB4AD00919DC7 /* AppDelegate.m in Sources */,
				EF20EAAE196DB5A100919DC7 /* HelloWorldViewController.m in Sources */,
				EF20EA86196DB4AD00919DC7 /* main.m in Sources */,
			);
			runOnlyForDeploymentPostprocessing = 0;
		};
		EF20EA8D196DB4AD00919DC7 /* Sources */ = {
			isa = PBXSourcesBuildPhase;
			buildActionMask = 2147483647;
			files = (
				EF20EA9F196DB4AD00919DC7 /* HelloWorldTests.m in Sources */,
			);
			runOnlyForDeploymentPostprocessing = 0;
		};
/* End PBXSourcesBuildPhase section */

/* Begin PBXTargetDependency section */
		EF20EA97196DB4AD00919DC7 /* PBXTargetDependency */ = {
			isa = PBXTargetDependency;
			target = EF20EA75196DB4AD00919DC7 /* HelloWorld */;
			targetProxy = EF20EA96196DB4AD00919DC7 /* PBXContainerItemProxy */;
		};
/* End PBXTargetDependency section */

/* Begin PBXVariantGroup section */
		EF20EA82196DB4AD00919DC7 /* InfoPlist.strings */ = {
			isa = PBXVariantGroup;
			children = (
				EF20EA83196DB4AD00919DC7 /* en */,
			);
			name = InfoPlist.strings;
			sourceTree = "<group>";
		};
		EF20EA9B196DB4AD00919DC7 /* InfoPlist.strings */ = {
			isa = PBXVariantGroup;
			children = (
				EF20EA9C196DB4AD00919DC7 /* en */,
			);
			name = InfoPlist.strings;
			sourceTree = "<group>";
		};
/* End PBXVariantGroup section */

/* Begin XCBuildConfiguration section */
		EF20EAA0196DB4AD00919DC7 /* Debug */ = {
			isa = XCBuildConfiguration;
			buildSettings = {
				ALWAYS_SEARCH_USER_PATHS = NO;
				CLANG_CXX_LANGUAGE_STANDARD = "gnu++0x";
				CLANG_CXX_LIBRARY = "libc++";
				CLANG_ENABLE_MODULES = YES;
				CLANG_ENABLE_OBJC_ARC = YES;
				CLANG_WARN_BOOL_CONVERSION = YES;
				CLANG_WARN_CONSTANT_CONVERSION = YES;
				CLANG_WARN_DIRECT_OBJC_ISA_USAGE = YES_ERROR;
				CLANG_WARN_EMPTY_BODY = YES;
				CLANG_WARN_ENUM_CONVERSION = YES;
				CLANG_WARN_INT_CONVERSION = YES;
				CLANG_WARN_OBJC_ROOT_CLASS = YES_ERROR;
				CLANG_WARN__DUPLICATE_METHOD_MATCH = YES;
				"CODE_SIGN_IDENTITY[sdk=iphoneos*]" = "iPhone Developer";
				COPY_PHASE_STRIP = NO;
				GCC_C_LANGUAGE_STANDARD = gnu99;
				GCC_DYNAMIC_NO_PIC = NO;
				GCC_OPTIMIZATION_LEVEL = 0;
				GCC_PREPROCESSOR_DEFINITIONS = (
					"DEBUG=1",
					"$(inherited)",
				);
				GCC_SYMBOLS_PRIVATE_EXTERN = NO;
				GCC_WARN_64_TO_32_BIT_CONVERSION = YES;
				GCC_WARN_ABOUT_RETURN_TYPE = YES_ERROR;
				GCC_WARN_UNDECLARED_SELECTOR = YES;
				GCC_WARN_UNINITIALIZED_AUTOS = YES_AGGRESSIVE;
				GCC_WARN_UNUSED_FUNCTION = YES;
				GCC_WARN_UNUSED_VARIABLE = YES;
				IPHONEOS_DEPLOYMENT_TARGET = 7.1;
				ONLY_ACTIVE_ARCH = YES;
				SDKROOT = iphoneos;
			};
			name = Debug;
		};
		EF20EAA1196DB4AD00919DC7 /* Release */ = {
			isa = XCBuildConfiguration;
			buildSettings = {
				ALWAYS_SEARCH_USER_PATHS = NO;
				CLANG_CXX_LANGUAGE_STANDARD = "gnu++0x";
				CLANG_CXX_LIBRARY = "libc++";
				CLANG_ENABLE_MODULES = YES;
				CLANG_ENABLE_OBJC_ARC = YES;
				CLANG_WARN_BOOL_CONVERSION = YES;
				CLANG_WARN_CONSTANT_CONVERSION = YES;
				CLANG_WARN_DIRECT_OBJC_ISA_USAGE = YES_ERROR;
				CLANG_WARN_EMPTY_BODY = YES;
				CLANG_WARN_ENUM_CONVERSION = YES;
				CLANG_WARN_INT_CONVERSION = YES;
				CLANG_WARN_OBJC_ROOT_CLASS = YES_ERROR;
				CLANG_WARN__DUPLICATE_METHOD_MATCH = YES;
				"CODE_SIGN_IDENTITY[sdk=iphoneos*]" = "iPhone Developer";
				COPY_PHASE_STRIP = YES;
				ENABLE_NS_ASSERTIONS = NO;
				GCC_C_LANGUAGE_STANDARD = gnu99;
				GCC_WARN_64_TO_32_BIT_CONVERSION = YES;
				GCC_WARN_ABOUT_RETURN_TYPE = YES_ERROR;
				GCC_WARN_UNDECLARED_SELECTOR = YES;
				GCC_WARN_UNINITIALIZED_AUTOS = YES_AGGRESSIVE;
				GCC_WARN_UNUSED_FUNCTION = YES;
				GCC_WARN_UNUSED_VARIABLE = YES;
				IPHONEOS_DEPLOYMENT_TARGET = 7.1;
				SDKROOT = iphoneos;
				VALIDATE_PRODUCT = YES;
			};
			name = Release;
		};
		EF20EAA3196DB4AD00919DC7 /* Debug */ = {
			isa = XCBuildConfiguration;
			buildSettings = {
				ASSETCATALOG_COMPILER_APPICON_NAME = AppIcon;
				ASSETCATALOG_COMPILER_LAUNCHIMAGE_NAME = LaunchImage;
				GCC_PRECOMPILE_PREFIX_HEADER = YES;
				GCC_PREFIX_HEADER = "HelloWorld/HelloWorld-Prefix.pch";
				INFOPLIST_FILE = "HelloWorld/HelloWorld-Info.plist";
				PRODUCT_NAME = "$(TARGET_NAME)";
				WRAPPER_EXTENSION = app;
			};
			name = Debug;
		};
		EF20EAA4196DB4AD00919DC7 /* Release */ = {
			isa = XCBuildConfiguration;
			buildSettings = {
				ASSETCATALOG_COMPILER_APPICON_NAME = AppIcon;
				ASSETCATALOG_COMPILER_LAUNCHIMAGE_NAME = LaunchImage;
				GCC_PRECOMPILE_PREFIX_HEADER = YES;
				GCC_PREFIX_HEADER = "HelloWorld/HelloWorld-Prefix.pch";
				INFOPLIST_FILE = "HelloWorld/HelloWorld-Info.plist";
				PRODUCT_NAME = "$(TARGET_NAME)";
				WRAPPER_EXTENSION = app;
			};
			name = Release;
		};
		EF20EAA6196DB4AD00919DC7 /* Debug */ = {
			isa = XCBuildConfiguration;
			buildSettings = {
				BUNDLE_LOADER = "$(BUILT_PRODUCTS_DIR)/HelloWorld.app/HelloWorld";
				FRAMEWORK_SEARCH_PATHS = (
					"$(SDKROOT)/Developer/Library/Frameworks",
					"$(inherited)",
					"$(DEVELOPER_FRAMEWORKS_DIR)",
				);
				GCC_PRECOMPILE_PREFIX_HEADER = YES;
				GCC_PREFIX_HEADER = "HelloWorld/HelloWorld-Prefix.pch";
				GCC_PREPROCESSOR_DEFINITIONS = (
					"DEBUG=1",
					"$(inherited)",
				);
				INFOPLIST_FILE = "HelloWorldTests/HelloWorldTests-Info.plist";
				PRODUCT_NAME = "$(TARGET_NAME)";
				TEST_HOST = "$(BUNDLE_LOADER)";
				WRAPPER_EXTENSION = xctest;
			};
			name = Debug;
		};
		EF20EAA7196DB4AD00919DC7 /* Release */ = {
			isa = XCBuildConfiguration;
			buildSettings = {
				BUNDLE_LOADER = "$(BUILT_PRODUCTS_DIR)/HelloWorld.app/HelloWorld";
				FRAMEWORK_SEARCH_PATHS = (
					"$(SDKROOT)/Developer/Library/Frameworks",
					"$(inherited)",
					"$(DEVELOPER_FRAMEWORKS_DIR)",
				);
				GCC_PRECOMPILE_PREFIX_HEADER = YES;
				GCC_PREFIX_HEADER = "HelloWorld/HelloWorld-Prefix.pch";
				INFOPLIST_FILE = "HelloWorldTests/HelloWorldTests-Info.plist";
				PRODUCT_NAME = "$(TARGET_NAME)";
				TEST_HOST = "$(BUNDLE_LOADER)";
				WRAPPER_EXTENSION = xctest;
			};
			name = Release;
		};
/* End XCBuildConfiguration section */

/* Begin XCConfigurationList section */
		EF20EA71196DB4AD00919DC7 /* Build configuration list for PBXProject "HelloWorld" */ = {
			isa = XCConfigurationList;
			buildConfigurations = (
				EF20EAA0196DB4AD00919DC7 /* Debug */,
				EF20EAA1196DB4AD00919DC7 /* Release */,
			);
			defaultConfigurationIsVisible = 0;
			defaultConfigurationName = Release;
		};
		EF20EAA2196DB4AD00919DC7 /* Build configuration list for PBXNativeTarget "HelloWorld" */ = {
			isa = XCConfigurationList;
			buildConfigurations = (
				EF20EAA3196DB4AD00919DC7 /* Debug */,
				EF20EAA4196DB4AD00919DC7 /* Release */,
			);
			defaultConfigurationIsVisible = 0;
		};
		EF20EAA5196DB4AD00919DC7 /* Build configuration list for PBXNativeTarget "HelloWorldTests" */ = {
			isa = XCConfigurationList;
			buildConfigurations = (
				EF20EAA6196DB4AD00919DC7 /* Debug */,
				EF20EAA7196DB4AD00919DC7 /* Release */,
			);
			defaultConfigurationIsVisible = 0;
		};
/* End XCConfigurationList section */
	};
	rootObject = EF20EA6E196DB4AD00919DC7 /* Project object */;
}
